
Microsoft Visual Studio Solution File, Format Version 12.00
# Visual Studio Version 17
VisualStudioVersion = 17.5.33424.131
MinimumVisualStudioVersion = 10.0.40219.1
Project("{9A19103F-16F7-4668-BE54-9A1E7A4F7556}") = "Target_Receiver", "Target_Receiver.csproj", "{2656F54F-6D34-4A64-B3B1-741921F892DD}"
EndProject
Global
	GlobalSection(SolutionConfigurationPlatforms) = preSolution
		Debug|Any CPU = Debug|Any CPU
		Release|Any CPU = Release|Any CPU
	EndGlobalSection
	GlobalSection(ProjectConfigurationPlatforms) = postSolution
		{2656F54F-6D34-4A64-B3B1-741921F892DD}.Debug|Any CPU.ActiveCfg = Debug|Any CPU
		{2656F54F-6D34-4A64-B3B1-741921F892DD}.Debug|Any CPU.Build.0 = Debug|Any CPU
		{2656F54F-6D34-4A64-B3B1-741921F892DD}.Release|Any CPU.ActiveCfg = Release|Any CPU
		{2656F54F-6D34-4A64-B3B1-741921F892DD}.Release|Any CPU.Build.0 = Release|Any CPU
	EndGlobalSection
	GlobalSection(SolutionProperties) = preSolution
		HideSolutionNode = FALSE
	EndGlobalSection
	GlobalSection(ExtensibilityGlobals) = postSolution
		SolutionGuid = {531C57BE-53E3-49AA-9FE7-568F7DB622A9}
	EndGlobalSection
EndGlobal
